
Microsoft Visual Studio Solution File, Format Version 12.00
# Visual Studio Version 17
VisualStudioVersion = 17.5.2.0
MinimumVisualStudioVersion = 10.0.40219.1
Project("{FAE04EC0-301F-11D3-BF4B-00C04F79EFBC}") = "ResumeAI.Auth.API", "ResumeAI.Auth.API\ResumeAI.Auth.API.csproj", "{7044E70E-811D-33FF-5C97-28064DF212E4}"
EndProject
Project("{FAE04EC0-301F-11D3-BF4B-00C04F79EFBC}") = "ResumeAI.AI.API.Tests", "ResumeAI.AI.API.Tests\ResumeAI.AI.API.Tests.csproj", "{FB4D0D7F-9B7B-4799-ADD8-A8CEB4A24302}"
EndProject
Project("{FAE04EC0-301F-11D3-BF4B-00C04F79EFBC}") = "ResumeAI.Auth.API.Tests", "ResumeAI.Auth.API.Tests\ResumeAI.Auth.API.Tests.csproj", "{CC8ED8FF-E2E7-4160-A835-55982F75E068}"
EndProject
Project("{FAE04EC0-301F-11D3-BF4B-00C04F79EFBC}") = "ResumeAI.Export.API.Tests", "ResumeAI.Export.API.Tests\ResumeAI.Export.API.Tests.csproj", "{FAD42319-3FDC-4F79-9519-4DBB5D904FB6}"
EndProject
Project("{FAE04EC0-301F-11D3-BF4B-00C04F79EFBC}") = "ResumeAI.Resume.API.Tests", "ResumeAI.Resume.API.Tests\ResumeAI.Resume.API.Tests.csproj", "{AB368015-1A48-4135-B207-AE12C5D41676}"
EndProject
Project("{FAE04EC0-301F-11D3-BF4B-00C04F79EFBC}") = "ResumeAI.Section.API.Tests", "ResumeAI.Section.API.Tests\ResumeAI.Section.API.Tests.csproj", "{EC9A9671-E7B7-4803-ABE0-B88B861955A8}"
EndProject
Project("{FAE04EC0-301F-11D3-BF4B-00C04F79EFBC}") = "ResumeAI.Template.API.Tests", "ResumeAI.Template.API.Tests\ResumeAI.Template.API.Tests.csproj", "{87F98216-7185-4C70-BC82-EC5ECD5A12DF}"
EndProject
Project("{FAE04EC0-301F-11D3-BF4B-00C04F79EFBC}") = "ResumeAI.AI.API", "ResumeAI.AI.API\ResumeAI.AI.API.csproj", "{3456FC93-2025-48A7-BE61-2B6B9CDD61C7}"
EndProject
Project("{FAE04EC0-301F-11D3-BF4B-00C04F79EFBC}") = "ResumeAI.Export.API", "ResumeAI.Export.API\ResumeAI.Export.API.csproj", "{94228293-A966-4FE0-A1F9-735066998779}"
EndProject
Project("{FAE04EC0-301F-11D3-BF4B-00C04F79EFBC}") = "ResumeAI.Resume.API", "ResumeAI.Resume.API\ResumeAI.Resume.API.csproj", "{F310D222-95CE-4C39-9F0C-6BB8E8788854}"
EndProject
Project("{FAE04EC0-301F-11D3-BF4B-00C04F79EFBC}") = "ResumeAI.Section.API", "ResumeAI.Section.API\ResumeAI.Section.API.csproj", "{8191ACCB-D324-4E34-B7DC-82CDD0599E08}"
EndProject
Project("{FAE04EC0-301F-11D3-BF4B-00C04F79EFBC}") = "ResumeAI.Template.API", "ResumeAI.Template.API\ResumeAI.Template.API.csproj", "{D179E43E-2888-4E5A-8530-3A44FC681363}"
EndProject
Project("{FAE04EC0-301F-11D3-BF4B-00C04F79EFBC}") = "ResumeAI.Gateway", "ResumeAI.Gateway\ResumeAI.Gateway.csproj", "{7CD04CA2-C24D-449C-8D6E-9ACBD7AACA4E}"
EndProject
Global
	GlobalSection(SolutionConfigurationPlatforms) = preSolution
		Debug|Any CPU = Debug|Any CPU
		Debug|x64 = Debug|x64
		Debug|x86 = Debug|x86
		Release|Any CPU = Release|Any CPU
		Release|x64 = Release|x64
		Release|x86 = Release|x86
	EndGlobalSection
	GlobalSection(ProjectConfigurationPlatforms) = postSolution
		{7044E70E-811D-33FF-5C97-28064DF212E4}.Debug|Any CPU.ActiveCfg = Debug|Any CPU
		{7044E70E-811D-33FF-5C97-28064DF212E4}.Debug|Any CPU.Build.0 = Debug|Any CPU
		{7044E70E-811D-33FF-5C97-28064DF212E4}.Debug|x64.ActiveCfg = Debug|Any CPU
		{7044E70E-811D-33FF-5C97-28064DF212E4}.Debug|x64.Build.0 = Debug|Any CPU
		{7044E70E-811D-33FF-5C97-28064DF212E4}.Debug|x86.ActiveCfg = Debug|Any CPU
		{7044E70E-811D-33FF-5C97-28064DF212E4}.Debug|x86.Build.0 = Debug|Any CPU
		{7044E70E-811D-33FF-5C97-28064DF212E4}.Release|Any CPU.ActiveCfg = Release|Any CPU
		{7044E70E-811D-33FF-5C97-28064DF212E4}.Release|Any CPU.Build.0 = Release|Any CPU
		{7044E70E-811D-33FF-5C97-28064DF212E4}.Release|x64.ActiveCfg = Release|Any CPU
		{7044E70E-811D-33FF-5C97-28064DF212E4}.Release|x64.Build.0 = Release|Any CPU
		{7044E70E-811D-33FF-5C97-28064DF212E4}.Release|x86.ActiveCfg = Release|Any CPU
		{7044E70E-811D-33FF-5C97-28064DF212E4}.Release|x86.Build.0 = Release|Any CPU
		{FB4D0D7F-9B7B-4799-ADD8-A8CEB4A24302}.Debug|Any CPU.ActiveCfg = Debug|Any CPU
		{FB4D0D7F-9B7B-4799-ADD8-A8CEB4A24302}.Debug|Any CPU.Build.0 = Debug|Any CPU
		{FB4D0D7F-9B7B-4799-ADD8-A8CEB4A24302}.Debug|x64.ActiveCfg = Debug|Any CPU
		{FB4D0D7F-9B7B-4799-ADD8-A8CEB4A24302}.Debug|x64.Build.0 = Debug|Any CPU
		{FB4D0D7F-9B7B-4799-ADD8-A8CEB4A24302}.Debug|x86.ActiveCfg = Debug|Any CPU
		{FB4D0D7F-9B7B-4799-ADD8-A8CEB4A24302}.Debug|x86.Build.0 = Debug|Any CPU
		{FB4D0D7F-9B7B-4799-ADD8-A8CEB4A24302}.Release|Any CPU.ActiveCfg = Release|Any CPU
		{FB4D0D7F-9B7B-4799-ADD8-A8CEB4A24302}.Release|Any CPU.Build.0 = Release|Any CPU
		{FB4D0D7F-9B7B-4799-ADD8-A8CEB4A24302}.Release|x64.ActiveCfg = Release|Any CPU
		{FB4D0D7F-9B7B-4799-ADD8-A8CEB4A24302}.Release|x64.Build.0 = Release|Any CPU
		{FB4D0D7F-9B7B-4799-ADD8-A8CEB4A24302}.Release|x86.ActiveCfg = Release|Any CPU
		{FB4D0D7F-9B7B-4799-ADD8-A8CEB4A24302}.Release|x86.Build.0 = Release|Any CPU
		{CC8ED8FF-E2E7-4160-A835-55982F75E068}.Debug|Any CPU.ActiveCfg = Debug|Any CPU
		{CC8ED8FF-E2E7-4160-A835-55982F75E068}.Debug|Any CPU.Build.0 = Debug|Any CPU
		{CC8ED8FF-E2E7-4160-A835-55982F75E068}.Debug|x64.ActiveCfg = Debug|Any CPU
		{CC8ED8FF-E2E7-4160-A835-55982F75E068}.Debug|x64.Build.0 = Debug|Any CPU
		{CC8ED8FF-E2E7-4160-A835-55982F75E068}.Debug|x86.ActiveCfg = Debug|Any CPU
		{CC8ED8FF-E2E7-4160-A835-55982F75E068}.Debug|x86.Build.0 = Debug|Any CPU
		{CC8ED8FF-E2E7-4160-A835-55982F75E068}.Release|Any CPU.ActiveCfg = Release|Any CPU
		{CC8ED8FF-E2E7-4160-A835-55982F75E068}.Release|Any CPU.Build.0 = Release|Any CPU
		{CC8ED8FF-E2E7-4160-A835-55982F75E068}.Release|x64.ActiveCfg = Release|Any CPU
		{CC8ED8FF-E2E7-4160-A835-55982F75E068}.Release|x64.Build.0 = Release|Any CPU
		{CC8ED8FF-E2E7-4160-A835-55982F75E068}.Release|x86.ActiveCfg = Release|Any CPU
		{CC8ED8FF-E2E7-4160-A835-55982F75E068}.Release|x86.Build.0 = Release|Any CPU
		{FAD42319-3FDC-4F79-9519-4DBB5D904FB6}.Debug|Any CPU.ActiveCfg = Debug|Any CPU
		{FAD42319-3FDC-4F79-9519-4DBB5D904FB6}.Debug|Any CPU.Build.0 = Debug|Any CPU
		{FAD42319-3FDC-4F79-9519-4DBB5D904FB6}.Debug|x64.ActiveCfg = Debug|Any CPU
		{FAD42319-3FDC-4F79-9519-4DBB5D904FB6}.Debug|x64.Build.0 = Debug|Any CPU
		{FAD42319-3FDC-4F79-9519-4DBB5D904FB6}.Debug|x86.ActiveCfg = Debug|Any CPU
		{FAD42319-3FDC-4F79-9519-4DBB5D904FB6}.Debug|x86.Build.0 = Debug|Any CPU
		{FAD42319-3FDC-4F79-9519-4DBB5D904FB6}.Release|Any CPU.ActiveCfg = Release|Any CPU
		{FAD42319-3FDC-4F79-9519-4DBB5D904FB6}.Release|Any CPU.Build.0 = Release|Any CPU
		{FAD42319-3FDC-4F79-9519-4DBB5D904FB6}.Release|x64.ActiveCfg = Release|Any CPU
		{FAD42319-3FDC-4F79-9519-4DBB5D904FB6}.Release|x64.Build.0 = Release|Any CPU
		{FAD42319-3FDC-4F79-9519-4DBB5D904FB6}.Release|x86.ActiveCfg = Release|Any CPU
		{FAD42319-3FDC-4F79-9519-4DBB5D904FB6}.Release|x86.Build.0 = Release|Any CPU
		{AB368015-1A48-4135-B207-AE12C5D41676}.Debug|Any CPU.ActiveCfg = Debug|Any CPU
		{AB368015-1A48-4135-B207-AE12C5D41676}.Debug|Any CPU.Build.0 = Debug|Any CPU
		{AB368015-1A48-4135-B207-AE12C5D41676}.Debug|x64.ActiveCfg = Debug|Any CPU
		{AB368015-1A48-4135-B207-AE12C5D41676}.Debug|x64.Build.0 = Debug|Any CPU
		{AB368015-1A48-4135-B207-AE12C5D41676}.Debug|x86.ActiveCfg = Debug|Any CPU
		{AB368015-1A48-4135-B207-AE12C5D41676}.Debug|x86.Build.0 = Debug|Any CPU
		{AB368015-1A48-4135-B207-AE12C5D41676}.Release|Any CPU.ActiveCfg = Release|Any CPU
		{AB368015-1A48-4135-B207-AE12C5D41676}.Release|Any CPU.Build.0 = Release|Any CPU
		{AB368015-1A48-4135-B207-AE12C5D41676}.Release|x64.ActiveCfg = Release|Any CPU
		{AB368015-1A48-4135-B207-AE12C5D41676}.Release|x64.Build.0 = Release|Any CPU
		{AB368015-1A48-4135-B207-AE12C5D41676}.Release|x86.ActiveCfg = Release|Any CPU
		{AB368015-1A48-4135-B207-AE12C5D41676}.Release|x86.Build.0 = Release|Any CPU
		{EC9A9671-E7B7-4803-ABE0-B88B861955A8}.Debug|Any CPU.ActiveCfg = Debug|Any CPU
		{EC9A9671-E7B7-4803-ABE0-B88B861955A8}.Debug|Any CPU.Build.0 = Debug|Any CPU
		{EC9A9671-E7B7-4803-ABE0-B88B861955A8}.Debug|x64.ActiveCfg = Debug|Any CPU
		{EC9A9671-E7B7-4803-ABE0-B88B861955A8}.Debug|x64.Build.0 = Debug|Any CPU
		{EC9A9671-E7B7-4803-ABE0-B88B861955A8}.Debug|x86.ActiveCfg = Debug|Any CPU
		{EC9A9671-E7B7-4803-ABE0-B88B861955A8}.Debug|x86.Build.0 = Debug|Any CPU
		{EC9A9671-E7B7-4803-ABE0-B88B861955A8}.Release|Any CPU.ActiveCfg = Release|Any CPU
		{EC9A9671-E7B7-4803-ABE0-B88B861955A8}.Release|Any CPU.Build.0 = Release|Any CPU
		{EC9A9671-E7B7-4803-ABE0-B88B861955A8}.Release|x64.ActiveCfg = Release|Any CPU
		{EC9A9671-E7B7-4803-ABE0-B88B861955A8}.Release|x64.Build.0 = Release|Any CPU
		{EC9A9671-E7B7-4803-ABE0-B88B861955A8}.Release|x86.ActiveCfg = Release|Any CPU
		{EC9A9671-E7B7-4803-ABE0-B88B861955A8}.Release|x86.Build.0 = Release|Any CPU
		{87F98216-7185-4C70-BC82-EC5ECD5A12DF}.Debug|Any CPU.ActiveCfg = Debug|Any CPU
		{87F98216-7185-4C70-BC82-EC5ECD5A12DF}.Debug|Any CPU.Build.0 = Debug|Any CPU
		{87F98216-7185-4C70-BC82-EC5ECD5A12DF}.Debug|x64.ActiveCfg = Debug|Any CPU
		{87F98216-7185-4C70-BC82-EC5ECD5A12DF}.Debug|x64.Build.0 = Debug|Any CPU
		{87F98216-7185-4C70-BC82-EC5ECD5A12DF}.Debug|x86.ActiveCfg = Debug|Any CPU
		{87F98216-7185-4C70-BC82-EC5ECD5A12DF}.Debug|x86.Build.0 = Debug|Any CPU
		{87F98216-7185-4C70-BC82-EC5ECD5A12DF}.Release|Any CPU.ActiveCfg = Release|Any CPU
		{87F98216-7185-4C70-BC82-EC5ECD5A12DF}.Release|Any CPU.Build.0 = Release|Any CPU
		{87F98216-7185-4C70-BC82-EC5ECD5A12DF}.Release|x64.ActiveCfg = Release|Any CPU
		{87F98216-7185-4C70-BC82-EC5ECD5A12DF}.Release|x64.Build.0 = Release|Any CPU
		{87F98216-7185-4C70-BC82-EC5ECD5A12DF}.Release|x86.ActiveCfg = Release|Any CPU
		{87F98216-7185-4C70-BC82-EC5ECD5A12DF}.Release|x86.Build.0 = Release|Any CPU
		{3456FC93-2025-48A7-BE61-2B6B9CDD61C7}.Debug|Any CPU.ActiveCfg = Debug|Any CPU
		{3456FC93-2025-48A7-BE61-2B6B9CDD61C7}.Debug|Any CPU.Build.0 = Debug|Any CPU
		{3456FC93-2025-48A7-BE61-2B6B9CDD61C7}.Debug|x64.ActiveCfg = Debug|Any CPU
		{3456FC93-2025-48A7-BE61-2B6B9CDD61C7}.Debug|x64.Build.0 = Debug|Any CPU
		{3456FC93-2025-48A7-BE61-2B6B9CDD61C7}.Debug|x86.ActiveCfg = Debug|Any CPU
		{3456FC93-2025-48A7-BE61-2B6B9CDD61C7}.Debug|x86.Build.0 = Debug|Any CPU
		{3456FC93-2025-48A7-BE61-2B6B9CDD61C7}.Release|Any CPU.ActiveCfg = Release|Any CPU
		{3456FC93-2025-48A7-BE61-2B6B9CDD61C7}.Release|Any CPU.Build.0 = Release|Any CPU
		{3456FC93-2025-48A7-BE61-2B6B9CDD61C7}.Release|x64.ActiveCfg = Release|Any CPU
		{3456FC93-2025-48A7-BE61-2B6B9CDD61C7}.Release|x64.Build.0 = Release|Any CPU
		{3456FC93-2025-48A7-BE61-2B6B9CDD61C7}.Release|x86.ActiveCfg = Release|Any CPU
		{3456FC93-2025-48A7-BE61-2B6B9CDD61C7}.Release|x86.Build.0 = Release|Any CPU
		{94228293-A966-4FE0-A1F9-735066998779}.Debug|Any CPU.ActiveCfg = Debug|Any CPU
		{94228293-A966-4FE0-A1F9-735066998779}.Debug|Any CPU.Build.0 = Debug|Any CPU
		{94228293-A966-4FE0-A1F9-735066998779}.Debug|x64.ActiveCfg = Debug|Any CPU
		{94228293-A966-4FE0-A1F9-735066998779}.Debug|x64.Build.0 = Debug|Any CPU
		{94228293-A966-4FE0-A1F9-735066998779}.Debug|x86.ActiveCfg = Debug|Any CPU
		{94228293-A966-4FE0-A1F9-735066998779}.Debug|x86.Build.0 = Debug|Any CPU
		{94228293-A966-4FE0-A1F9-735066998779}.Release|Any CPU.ActiveCfg = Release|Any CPU
		{94228293-A966-4FE0-A1F9-735066998779}.Release|Any CPU.Build.0 = Release|Any CPU
		{94228293-A966-4FE0-A1F9-735066998779}.Release|x64.ActiveCfg = Release|Any CPU
		{94228293-A966-4FE0-A1F9-735066998779}.Release|x64.Build.0 = Release|Any CPU
		{94228293-A966-4FE0-A1F9-735066998779}.Release|x86.ActiveCfg = Release|Any CPU
		{94228293-A966-4FE0-A1F9-735066998779}.Release|x86.Build.0 = Release|Any CPU
		{F310D222-95CE-4C39-9F0C-6BB8E8788854}.Debug|Any CPU.ActiveCfg = Debug|Any CPU
		{F310D222-95CE-4C39-9F0C-6BB8E8788854}.Debug|Any CPU.Build.0 = Debug|Any CPU
		{F310D222-95CE-4C39-9F0C-6BB8E8788854}.Debug|x64.ActiveCfg = Debug|Any CPU
		{F310D222-95CE-4C39-9F0C-6BB8E8788854}.Debug|x64.Build.0 = Debug|Any CPU
		{F310D222-95CE-4C39-9F0C-6BB8E8788854}.Debug|x86.ActiveCfg = Debug|Any CPU
		{F310D222-95CE-4C39-9F0C-6BB8E8788854}.Debug|x86.Build.0 = Debug|Any CPU
		{F310D222-95CE-4C39-9F0C-6BB8E8788854}.Release|Any CPU.ActiveCfg = Release|Any CPU
		{F310D222-95CE-4C39-9F0C-6BB8E8788854}.Release|Any CPU.Build.0 = Release|Any CPU
		{F310D222-95CE-4C39-9F0C-6BB8E8788854}.Release|x64.ActiveCfg = Release|Any CPU
		{F310D222-95CE-4C39-9F0C-6BB8E8788854}.Release|x64.Build.0 = Release|Any CPU
		{F310D222-95CE-4C39-9F0C-6BB8E8788854}.Release|x86.ActiveCfg = Release|Any CPU
		{F310D222-95CE-4C39-9F0C-6BB8E8788854}.Release|x86.Build.0 = Release|Any CPU
		{8191ACCB-D324-4E34-B7DC-82CDD0599E08}.Debug|Any CPU.ActiveCfg = Debug|Any CPU
		{8191ACCB-D324-4E34-B7DC-82CDD0599E08}.Debug|Any CPU.Build.0 = Debug|Any CPU
		{8191ACCB-D324-4E34-B7DC-82CDD0599E08}.Debug|x64.ActiveCfg = Debug|Any CPU
		{8191ACCB-D324-4E34-B7DC-82CDD0599E08}.Debug|x64.Build.0 = Debug|Any CPU
		{8191ACCB-D324-4E34-B7DC-82CDD0599E08}.Debug|x86.ActiveCfg = Debug|Any CPU
		{8191ACCB-D324-4E34-B7DC-82CDD0599E08}.Debug|x86.Build.0 = Debug|Any CPU
		{8191ACCB-D324-4E34-B7DC-82CDD0599E08}.Release|Any CPU.ActiveCfg = Release|Any CPU
		{8191ACCB-D324-4E34-B7DC-82CDD0599E08}.Release|Any CPU.Build.0 = Release|Any CPU
		{8191ACCB-D324-4E34-B7DC-82CDD0599E08}.Release|x64.ActiveCfg = Release|Any CPU
		{8191ACCB-D324-4E34-B7DC-82CDD0599E08}.Release|x64.Build.0 = Release|Any CPU
		{8191ACCB-D324-4E34-B7DC-82CDD0599E08}.Release|x86.ActiveCfg = Release|Any CPU
		{8191ACCB-D324-4E34-B7DC-82CDD0599E08}.Release|x86.Build.0 = Release|Any CPU
		{D179E43E-2888-4E5A-8530-3A44FC681363}.Debug|Any CPU.ActiveCfg = Debug|Any CPU
		{D179E43E-2888-4E5A-8530-3A44FC681363}.Debug|Any CPU.Build.0 = Debug|Any CPU
		{D179E43E-2888-4E5A-8530-3A44FC681363}.Debug|x64.ActiveCfg = Debug|Any CPU
		{D179E43E-2888-4E5A-8530-3A44FC681363}.Debug|x64.Build.0 = Debug|Any CPU
		{D179E43E-2888-4E5A-8530-3A44FC681363}.Debug|x86.ActiveCfg = Debug|Any CPU
		{D179E43E-2888-4E5A-8530-3A44FC681363}.Debug|x86.Build.0 = Debug|Any CPU
		{D179E43E-2888-4E5A-8530-3A44FC681363}.Release|Any CPU.ActiveCfg = Release|Any CPU
		{D179E43E-2888-4E5A-8530-3A44FC681363}.Release|Any CPU.Build.0 = Release|Any CPU
		{D179E43E-2888-4E5A-8530-3A44FC681363}.Release|x64.ActiveCfg = Release|Any CPU
		{D179E43E-2888-4E5A-8530-3A44FC681363}.Release|x64.Build.0 = Release|Any CPU
		{D179E43E-2888-4E5A-8530-3A44FC681363}.Release|x86.ActiveCfg = Release|Any CPU
		{D179E43E-2888-4E5A-8530-3A44FC681363}.Release|x86.Build.0 = Release|Any CPU
		{7CD04CA2-C24D-449C-8D6E-9ACBD7AACA4E}.Debug|Any CPU.ActiveCfg = Debug|Any CPU
		{7CD04CA2-C24D-449C-8D6E-9ACBD7AACA4E}.Debug|Any CPU.Build.0 = Debug|Any CPU
		{7CD04CA2-C24D-449C-8D6E-9ACBD7AACA4E}.Debug|x64.ActiveCfg = Debug|Any CPU
		{7CD04CA2-C24D-449C-8D6E-9ACBD7AACA4E}.Debug|x64.Build.0 = Debug|Any CPU
		{7CD04CA2-C24D-449C-8D6E-9ACBD7AACA4E}.Debug|x86.ActiveCfg = Debug|Any CPU
		{7CD04CA2-C24D-449C-8D6E-9ACBD7AACA4E}.Debug|x86.Build.0 = Debug|Any CPU
		{7CD04CA2-C24D-449C-8D6E-9ACBD7AACA4E}.Release|Any CPU.ActiveCfg = Release|Any CPU
		{7CD04CA2-C24D-449C-8D6E-9ACBD7AACA4E}.Release|Any CPU.Build.0 = Release|Any CPU
		{7CD04CA2-C24D-449C-8D6E-9ACBD7AACA4E}.Release|x64.ActiveCfg = Release|Any CPU
		{7CD04CA2-C24D-449C-8D6E-9ACBD7AACA4E}.Release|x64.Build.0 = Release|Any CPU
		{7CD04CA2-C24D-449C-8D6E-9ACBD7AACA4E}.Release|x86.ActiveCfg = Release|Any CPU
		{7CD04CA2-C24D-449C-8D6E-9ACBD7AACA4E}.Release|x86.Build.0 = Release|Any CPU
	EndGlobalSection
	GlobalSection(SolutionProperties) = preSolution
		HideSolutionNode = FALSE
	EndGlobalSection
	GlobalSection(ExtensibilityGlobals) = postSolution
		SolutionGuid = {306FD3C2-9C4C-4EA2-8CCC-F21AD3C4C68F}
	EndGlobalSection
EndGlobal
