Microsoft Visual Studio Solution File, Format Version 12.00
# Visual Studio Version 17
VisualStudioVersion = 17.5.2.0
MinimumVisualStudioVersion = 10.0.40219.1
Project("{FAE04EC0-301F-11D3-BF4B-00C04F79EFBC}") = "ResumeAI.Auth.API", "ResumeAI.Auth.API\ResumeAI.Auth.API.csproj", "{7044E70E-811D-33FF-5C97-28064DF212E4}"
EndProject
Global
	GlobalSection(SolutionConfigurationPlatforms) = preSolution
		Debug|Any CPU = Debug|Any CPU
		Release|Any CPU = Release|Any CPU
	EndGlobalSection
	GlobalSection(ProjectConfigurationPlatforms) = postSolution
		{7044E70E-811D-33FF-5C97-28064DF212E4}.Debug|Any CPU.ActiveCfg = Debug|Any CPU
		{7044E70E-811D-33FF-5C97-28064DF212E4}.Debug|Any CPU.Build.0 = Debug|Any CPU
		{7044E70E-811D-33FF-5C97-28064DF212E4}.Release|Any CPU.ActiveCfg = Release|Any CPU
		{7044E70E-811D-33FF-5C97-28064DF212E4}.Release|Any CPU.Build.0 = Release|Any CPU
	EndGlobalSection
	GlobalSection(SolutionProperties) = preSolution
		HideSolutionNode = FALSE
	EndGlobalSection
	GlobalSection(ExtensibilityGlobals) = postSolution
		SolutionGuid = {306FD3C2-9C4C-4EA2-8CCC-F21AD3C4C68F}
	EndGlobalSection
EndGlobal
